
Microsoft Visual Studio Solution File, Format Version 12.00
# Visual Studio Version 16
VisualStudioVersion = 16.0.29519.87
MinimumVisualStudioVersion = 10.0.40219.1
Project("{FAE04EC0-301F-11D3-BF4B-00C04F79EFBC}") = "MatchApi", "MatchApi.csproj", "{885E299B-3DD0-4F05-96E9-A2D35137FC7A}"
EndProject
Global
	GlobalSection(SolutionConfigurationPlatforms) = preSolution
		Debug|Any CPU = Debug|Any CPU
		Release|Any CPU = Release|Any CPU
	EndGlobalSection
	GlobalSection(ProjectConfigurationPlatforms) = postSolution
		{885E299B-3DD0-4F05-96E9-A2D35137FC7A}.Debug|Any CPU.ActiveCfg = Debug|Any CPU
		{885E299B-3DD0-4F05-96E9-A2D35137FC7A}.Debug|Any CPU.Build.0 = Debug|Any CPU
		{885E299B-3DD0-4F05-96E9-A2D35137FC7A}.Release|Any CPU.ActiveCfg = Release|Any CPU
		{885E299B-3DD0-4F05-96E9-A2D35137FC7A}.Release|Any CPU.Build.0 = Release|Any CPU
	EndGlobalSection
	GlobalSection(SolutionProperties) = preSolution
		HideSolutionNode = FALSE
	EndGlobalSection
	GlobalSection(ExtensibilityGlobals) = postSolution
		SolutionGuid = {AC5DE6BA-54A0-4DCC-AA2E-423562764C77}
	EndGlobalSection
EndGlobal
